
Microsoft Visual Studio Solution File, Format Version 12.00
# Visual Studio 2013
VisualStudioVersion = 12.0.21005.1
MinimumVisualStudioVersion = 10.0.40219.1
Project("{FAE04EC0-301F-11D3-BF4B-00C04F79EFBC}") = "GameCubeIsoAnalyzer", "GameCubeIsoAnalyzer\GameCubeIsoAnalyzer.csproj", "{8BC9BD75-E08C-4B81-8266-D8FE8C7FCEAC}"
EndProject
Global
	GlobalSection(SolutionConfigurationPlatforms) = preSolution
		Debug|Any CPU = Debug|Any CPU
		Release|Any CPU = Release|Any CPU
	EndGlobalSection
	GlobalSection(ProjectConfigurationPlatforms) = postSolution
		{8BC9BD75-E08C-4B81-8266-D8FE8C7FCEAC}.Debug|Any CPU.ActiveCfg = Debug|Any CPU
		{8BC9BD75-E08C-4B81-8266-D8FE8C7FCEAC}.Debug|Any CPU.Build.0 = Debug|Any CPU
		{8BC9BD75-E08C-4B81-8266-D8FE8C7FCEAC}.Release|Any CPU.ActiveCfg = Release|Any CPU
		{8BC9BD75-E08C-4B81-8266-D8FE8C7FCEAC}.Release|Any CPU.Build.0 = Release|Any CPU
	EndGlobalSection
	GlobalSection(SolutionProperties) = preSolution
		HideSolutionNode = FALSE
	EndGlobalSection
EndGlobal
